
Microsoft Visual Studio Solution File, Format Version 12.00
# Visual Studio Version 16
VisualStudioVersion = 16.0.30104.148
MinimumVisualStudioVersion = 10.0.40219.1
Project("{FAE04EC0-301F-11D3-BF4B-00C04F79EFBC}") = "BarcodeServer", "BarcodeServer\BarcodeServer.csproj", "{9BD7143D-1A1D-44A2-AF74-539B57EB4952}"
EndProject
Global
	GlobalSection(SolutionConfigurationPlatforms) = preSolution
		Debug|Any CPU = Debug|Any CPU
		Release|Any CPU = Release|Any CPU
	EndGlobalSection
	GlobalSection(ProjectConfigurationPlatforms) = postSolution
		{9BD7143D-1A1D-44A2-AF74-539B57EB4952}.Debug|Any CPU.ActiveCfg = Debug|Any CPU
		{9BD7143D-1A1D-44A2-AF74-539B57EB4952}.Debug|Any CPU.Build.0 = Debug|Any CPU
		{9BD7143D-1A1D-44A2-AF74-539B57EB4952}.Release|Any CPU.ActiveCfg = Release|Any CPU
		{9BD7143D-1A1D-44A2-AF74-539B57EB4952}.Release|Any CPU.Build.0 = Release|Any CPU
	EndGlobalSection
	GlobalSection(SolutionProperties) = preSolution
		HideSolutionNode = FALSE
	EndGlobalSection
	GlobalSection(ExtensibilityGlobals) = postSolution
		SolutionGuid = {21A8DDD5-102E-4733-BCA9-3C5A7ABA7893}
	EndGlobalSection
EndGlobal
